{
  "name": "imdone-sample-pluginn",
  "version": "1.0.0",
  "lockfileVersion": 2,
  "requires": true,
  "packages": {
    "": {
      "name": "imdone-sample-pluginn",
      "version": "1.0.0",
      "license": "ISC",
      "dependencies": {
        "imdone-api": "^0.0.9"
      }
    },
    "node_modules/imdone-api": {
      "version": "0.0.9",
      "resolved": "https://registry.npmjs.org/imdone-api/-/imdone-api-0.0.9.tgz",
      "integrity": "sha512-tdGbJEYFEbbN1ArGJ84L1UEdPqSuRtMNuid6FmzttYHONj2dF82N2yhwzs7FUnJUhTQV8sjSNOQyBZ7wGqq6jQ=="
    }
  },
  "dependencies": {
    "imdone-api": {
      "version": "0.0.9",
      "resolved": "https://registry.npmjs.org/imdone-api/-/imdone-api-0.0.9.tgz",
      "integrity": "sha512-tdGbJEYFEbbN1ArGJ84L1UEdPqSuRtMNuid6FmzttYHONj2dF82N2yhwzs7FUnJUhTQV8sjSNOQyBZ7wGqq6jQ=="
    }
  }
}
